// !$*UTF8*$!
{
	archiveVersion = 1;
	classes = {
	};
	objectVersion = 46;
	objects = {

/* Begin PBXBuildFile section */
		33ECAB701A2E5D230000D150 /* main.m in Sources */ = {isa = PBXBuildFile; fileRef = 33ECAB6F1A2E5D230000D150 /* main.m */; };
		33ECAB731A2E5D230000D150 /* AppDelegate.m in Sources */ = {isa = PBXBuildFile; fileRef = 33ECAB721A2E5D230000D150 /* AppDelegate.m */; };
		33ECAB761A2E5D230000D150 /* FirstViewController.m in Sources */ = {isa = PBXBuildFile; fileRef = 33ECAB751A2E5D230000D150 /* FirstViewController.m */; };
		33ECAB791A2E5D230000D150 /* SecondViewController.m in Sources */ = {isa = PBXBuildFile; fileRef = 33ECAB781A2E5D230000D150 /* SecondViewController.m */; };
		33ECAB7C1A2E5D230000D150 /* Main.storyboard in Resources */ = {isa = PBXBuildFile; fileRef = 33ECAB7A1A2E5D230000D150 /* Main.storyboard */; };
		33ECAB7E1A2E5D230000D150 /* Images.xcassets in Resources */ = {isa = PBXBuildFile; fileRef = 33ECAB7D1A2E5D230000D150 /* Images.xcassets */; };
		33ECAB811A2E5D230000D150 /* LaunchScreen.xib in Resources */ = {isa = PBXBuildFile; fileRef = 33ECAB7F1A2E5D230000D150 /* LaunchScreen.xib */; };
		33ECAB8D1A2E5D230000D150 /* MatchedUpWithLoginButtonTests.m in Sources */ = {isa = PBXBuildFile; fileRef = 33ECAB8C1A2E5D230000D150 /* MatchedUpWithLoginButtonTests.m */; };
/* End PBXBuildFile section */

/* Begin PBXContainerItemProxy section */
		33ECAB871A2E5D230000D150 /* PBXContainerItemProxy */ = {
			isa = PBXContainerItemProxy;
			containerPortal = 33ECAB621A2E5D230000D150 /* Project object */;
			proxyType = 1;
			remoteGlobalIDString = 33ECAB691A2E5D230000D150;
			remoteInfo = MatchedUpWithLoginButton;
		};
/* End PBXContainerItemProxy section */

/* Begin PBXFileReference section */
		33ECAB6A1A2E5D230000D150 /* MatchedUpWithLoginButton.app */ = {isa = PBXFileReference; explicitFileType = wrapper.application; includeInIndex = 0; path = MatchedUpWithLoginButton.app; sourceTree = BUILT_PRODUCTS_DIR; };
		33ECAB6E1A2E5D230000D150 /* Info.plist */ = {isa = PBXFileReference; lastKnownFileType = text.plist.xml; path = Info.plist; sourceTree = "<group>"; };
		33ECAB6F1A2E5D230000D150 /* main.m */ = {isa = PBXFileReference; lastKnownFileType = sourcecode.c.objc; path = main.m; sourceTree = "<group>"; };
		33ECAB711A2E5D230000D150 /* AppDelegate.h */ = {isa = PBXFileReference; lastKnownFileType = sourcecode.c.h; path = AppDelegate.h; sourceTree = "<group>"; };
		33ECAB721A2E5D230000D150 /* AppDelegate.m */ = {isa = PBXFileReference; lastKnownFileType = sourcecode.c.objc; path = AppDelegate.m; sourceTree = "<group>"; };
		33ECAB741A2E5D230000D150 /* FirstViewController.h */ = {isa = PBXFileReference; lastKnownFileType = sourcecode.c.h; path = FirstViewController.h; sourceTree = "<group>"; };
		33ECAB751A2E5D230000D150 /* FirstViewController.m */ = {isa = PBXFileReference; lastKnownFileType = sourcecode.c.objc; path = FirstViewController.m; sourceTree = "<group>"; };
		33ECAB771A2E5D230000D150 /* SecondViewController.h */ = {isa = PBXFileReference; lastKnownFileType = sourcecode.c.h; path = SecondViewController.h; sourceTree = "<group>"; };
		33ECAB781A2E5D230000D150 /* SecondViewController.m */ = {isa = PBXFileReference; lastKnownFileType = sourcecode.c.objc; path = SecondViewController.m; sourceTree = "<group>"; };
		33ECAB7B1A2E5D230000D150 /* Base */ = {isa = PBXFileReference; lastKnownFileType = file.storyboard; name = Base; path = Base.lproj/Main.storyboard; sourceTree = "<group>"; };
		33ECAB7D1A2E5D230000D150 /* Images.xcassets */ = {isa = PBXFileReference; lastKnownFileType = folder.assetcatalog; path = Images.xcassets; sourceTree = "<group>"; };
		33ECAB801A2E5D230000D150 /* Base */ = {isa = PBXFileReference; lastKnownFileType = file.xib; name = Base; path = Base.lproj/LaunchScreen.xib; sourceTree = "<group>"; };
		33ECAB861A2E5D230000D150 /* MatchedUpWithLoginButtonTests.xctest */ = {isa = PBXFileReference; explicitFileType = wrapper.cfbundle; includeInIndex = 0; path = MatchedUpWithLoginButtonTests.xctest; sourceTree = BUILT_PRODUCTS_DIR; };
		33ECAB8B1A2E5D230000D150 /* Info.plist */ = {isa = PBXFileReference; lastKnownFileType = text.plist.xml; path = Info.plist; sourceTree = "<group>"; };
		33ECAB8C1A2E5D230000D150 /* MatchedUpWithLoginButtonTests.m */ = {isa = PBXFileReference; lastKnownFileType = sourcecode.c.objc; path = MatchedUpWithLoginButtonTests.m; sourceTree = "<group>"; };
/* End PBXFileReference section */

/* Begin PBXFrameworksBuildPhase section */
		33ECAB671A2E5D230000D150 /* Frameworks */ = {
			isa = PBXFrameworksBuildPhase;
			buildActionMask = 2147483647;
			files = (
			);
			runOnlyForDeploymentPostprocessing = 0;
		};
		33ECAB831A2E5D230000D150 /* Frameworks */ = {
			isa = PBXFrameworksBuildPhase;
			buildActionMask = 2147483647;
			files = (
			);
			runOnlyForDeploymentPostprocessing = 0;
		};
/* End PBXFrameworksBuildPhase section */

/* Begin PBXGroup section */
		33ECAB611A2E5D230000D150 = {
			isa = PBXGroup;
			children = (
				33ECAB6C1A2E5D230000D150 /* MatchedUpWithLoginButton */,
				33ECAB891A2E5D230000D150 /* MatchedUpWithLoginButtonTests */,
				33ECAB6B1A2E5D230000D150 /* Products */,
			);
			sourceTree = "<group>";
		};
		33ECAB6B1A2E5D230000D150 /* Products */ = {
			isa = PBXGroup;
			children = (
				33ECAB6A1A2E5D230000D150 /* MatchedUpWithLoginButton.app */,
				33ECAB861A2E5D230000D150 /* MatchedUpWithLoginButtonTests.xctest */,
			);
			name = Products;
			sourceTree = "<group>";
		};
		33ECAB6C1A2E5D230000D150 /* MatchedUpWithLoginButton */ = {
			isa = PBXGroup;
			children = (
				33ECAB711A2E5D230000D150 /* AppDelegate.h */,
				33ECAB721A2E5D230000D150 /* AppDelegate.m */,
				33ECAB741A2E5D230000D150 /* FirstViewController.h */,
				33ECAB751A2E5D230000D150 /* FirstViewController.m */,
				33ECAB771A2E5D230000D150 /* SecondViewController.h */,
				33ECAB781A2E5D230000D150 /* SecondViewController.m */,
				33ECAB7A1A2E5D230000D150 /* Main.storyboard */,
				33ECAB7D1A2E5D230000D150 /* Images.xcassets */,
				33ECAB7F1A2E5D230000D150 /* LaunchScreen.xib */,
				33ECAB6D1A2E5D230000D150 /* Supporting Files */,
			);
			path = MatchedUpWithLoginButton;
			sourceTree = "<group>";
		};
		33ECAB6D1A2E5D230000D150 /* Supporting Files */ = {
			isa = PBXGroup;
			children = (
				33ECAB6E1A2E5D230000D150 /* Info.plist */,
				33ECAB6F1A2E5D230000D150 /* main.m */,
			);
			name = "Supporting Files";
			sourceTree = "<group>";
		};
		33ECAB891A2E5D230000D150 /* MatchedUpWithLoginButtonTests */ = {
			isa = PBXGroup;
			children = (
				33ECAB8C1A2E5D230000D150 /* MatchedUpWithLoginButtonTests.m */,
				33ECAB8A1A2E5D230000D150 /* Supporting Files */,
			);
			path = MatchedUpWithLoginButtonTests;
			sourceTree = "<group>";
		};
		33ECAB8A1A2E5D230000D150 /* Supporting Files */ = {
			isa = PBXGroup;
			children = (
				33ECAB8B1A2E5D230000D150 /* Info.plist */,
			);
			name = "Supporting Files";
			sourceTree = "<group>";
		};
/* End PBXGroup section */

/* Begin PBXNativeTarget section */
		33ECAB691A2E5D230000D150 /* MatchedUpWithLoginButton */ = {
			isa = PBXNativeTarget;
			buildConfigurationList = 33ECAB901A2E5D230000D150 /* Build configuration list for PBXNativeTarget "MatchedUpWithLoginButton" */;
			buildPhases = (
				33ECAB661A2E5D230000D150 /* Sources */,
				33ECAB671A2E5D230000D150 /* Frameworks */,
				33ECAB681A2E5D230000D150 /* Resources */,
			);
			buildRules = (
			);
			dependencies = (
			);
			name = MatchedUpWithLoginButton;
			productName = MatchedUpWithLoginButton;
			productReference = 33ECAB6A1A2E5D230000D150 /* MatchedUpWithLoginButton.app */;
			productType = "com.apple.product-type.application";
		};
		33ECAB851A2E5D230000D150 /* MatchedUpWithLoginButtonTests */ = {
			isa = PBXNativeTarget;
			buildConfigurationList = 33ECAB931A2E5D230000D150 /* Build configuration list for PBXNativeTarget "MatchedUpWithLoginButtonTests" */;
			buildPhases = (
				33ECAB821A2E5D230000D150 /* Sources */,
				33ECAB831A2E5D230000D150 /* Frameworks */,
				33ECAB841A2E5D230000D150 /* Resources */,
			);
			buildRules = (
			);
			dependencies = (
				33ECAB881A2E5D230000D150 /* PBXTargetDependency */,
			);
			name = MatchedUpWithLoginButtonTests;
			productName = MatchedUpWithLoginButtonTests;
			productReference = 33ECAB861A2E5D230000D150 /* MatchedUpWithLoginButtonTests.xctest */;
			productType = "com.apple.product-type.bundle.unit-test";
		};
/* End PBXNativeTarget section */

/* Begin PBXProject section */
		33ECAB621A2E5D230000D150 /* Project object */ = {
			isa = PBXProject;
			attributes = {
				LastUpgradeCheck = 0610;
				ORGANIZATIONNAME = Ellison;
				TargetAttributes = {
					33ECAB691A2E5D230000D150 = {
						CreatedOnToolsVersion = 6.1;
					};
					33ECAB851A2E5D230000D150 = {
						CreatedOnToolsVersion = 6.1;
						TestTargetID = 33ECAB691A2E5D230000D150;
					};
				};
			};
			buildConfigurationList = 33ECAB651A2E5D230000D150 /* Build configuration list for PBXProject "MatchedUpWithLoginButton" */;
			compatibilityVersion = "Xcode 3.2";
			developmentRegion = English;
			hasScannedForEncodings = 0;
			knownRegions = (
				en,
				Base,
			);
			mainGroup = 33ECAB611A2E5D230000D150;
			productRefGroup = 33ECAB6B1A2E5D230000D150 /* Products */;
			projectDirPath = "";
			projectRoot = "";
			targets = (
				33ECAB691A2E5D230000D150 /* MatchedUpWithLoginButton */,
				33ECAB851A2E5D230000D150 /* MatchedUpWithLoginButtonTests */,
			);
		};
/* End PBXProject section */

/* Begin PBXResourcesBuildPhase section */
		33ECAB681A2E5D230000D150 /* Resources */ = {
			isa = PBXResourcesBuildPhase;
			buildActionMask = 2147483647;
			files = (
				33ECAB7C1A2E5D230000D150 /* Main.storyboard in Resources */,
				33ECAB811A2E5D230000D150 /* LaunchScreen.xib in Resources */,
				33ECAB7E1A2E5D230000D150 /* Images.xcassets in Resources */,
			);
			runOnlyForDeploymentPostprocessing = 0;
		};
		33ECAB841A2E5D230000D150 /* Resources */ = {
			isa = PBXResourcesBuildPhase;
			buildActionMask = 2147483647;
			files = (
			);
			runOnlyForDeploymentPostprocessing = 0;
		};
/* End PBXResourcesBuildPhase section */

/* Begin PBXSourcesBuildPhase section */
		33ECAB661A2E5D230000D150 /* Sources */ = {
			isa = PBXSourcesBuildPhase;
			buildActionMask = 2147483647;
			files = (
				33ECAB791A2E5D230000D150 /* SecondViewController.m in Sources */,
				33ECAB731A2E5D230000D150 /* AppDelegate.m in Sources */,
				33ECAB761A2E5D230000D150 /* FirstViewController.m in Sources */,
				33ECAB701A2E5D230000D150 /* main.m in Sources */,
			);
			runOnlyForDeploymentPostprocessing = 0;
		};
		33ECAB821A2E5D230000D150 /* Sources */ = {
			isa = PBXSourcesBuildPhase;
			buildActionMask = 2147483647;
			files = (
				33ECAB8D1A2E5D230000D150 /* MatchedUpWithLoginButtonTests.m in Sources */,
			);
			runOnlyForDeploymentPostprocessing = 0;
		};
/* End PBXSourcesBuildPhase section */

/* Begin PBXTargetDependency section */
		33ECAB881A2E5D230000D150 /* PBXTargetDependency */ = {
			isa = PBXTargetDependency;
			target = 33ECAB691A2E5D230000D150 /* MatchedUpWithLoginButton */;
			targetProxy = 33ECAB871A2E5D230000D150 /* PBXContainerItemProxy */;
		};
/* End PBXTargetDependency section */

/* Begin PBXVariantGroup section */
		33ECAB7A1A2E5D230000D150 /* Main.storyboard */ = {
			isa = PBXVariantGroup;
			children = (
				33ECAB7B1A2E5D230000D150 /* Base */,
			);
			name = Main.storyboard;
			sourceTree = "<group>";
		};
		33ECAB7F1A2E5D230000D150 /* LaunchScreen.xib */ = {
			isa = PBXVariantGroup;
			children = (
				33ECAB801A2E5D230000D150 /* Base */,
			);
			name = LaunchScreen.xib;
			sourceTree = "<group>";
		};
/* End PBXVariantGroup section */

/* Begin XCBuildConfiguration section */
		33ECAB8E1A2E5D230000D150 /* Debug */ = {
			isa = XCBuildConfiguration;
			buildSettings = {
				ALWAYS_SEARCH_USER_PATHS = NO;
				CLANG_CXX_LANGUAGE_STANDARD = "gnu++0x";
				CLANG_CXX_LIBRARY = "libc++";
				CLANG_ENABLE_MODULES = YES;
				CLANG_ENABLE_OBJC_ARC = YES;
				CLANG_WARN_BOOL_CONVERSION = YES;
				CLANG_WARN_CONSTANT_CONVERSION = YES;
				CLANG_WARN_DIRECT_OBJC_ISA_USAGE = YES_ERROR;
				CLANG_WARN_EMPTY_BODY = YES;
				CLANG_WARN_ENUM_CONVERSION = YES;
				CLANG_WARN_INT_CONVERSION = YES;
				CLANG_WARN_OBJC_ROOT_CLASS = YES_ERROR;
				CLANG_WARN_UNREACHABLE_CODE = YES;
				CLANG_WARN__DUPLICATE_METHOD_MATCH = YES;
				"CODE_SIGN_IDENTITY[sdk=iphoneos*]" = "iPhone Developer";
				COPY_PHASE_STRIP = NO;
				ENABLE_STRICT_OBJC_MSGSEND = YES;
				GCC_C_LANGUAGE_STANDARD = gnu99;
				GCC_DYNAMIC_NO_PIC = NO;
				GCC_OPTIMIZATION_LEVEL = 0;
				GCC_PREPROCESSOR_DEFINITIONS = (
					"DEBUG=1",
					"$(inherited)",
				);
				GCC_SYMBOLS_PRIVATE_EXTERN = NO;
				GCC_WARN_64_TO_32_BIT_CONVERSION = YES;
				GCC_WARN_ABOUT_RETURN_TYPE = YES_ERROR;
				GCC_WARN_UNDECLARED_SELECTOR = YES;
				GCC_WARN_UNINITIALIZED_AUTOS = YES_AGGRESSIVE;
				GCC_WARN_UNUSED_FUNCTION = YES;
				GCC_WARN_UNUSED_VARIABLE = YES;
				IPHONEOS_DEPLOYMENT_TARGET = 8.1;
				MTL_ENABLE_DEBUG_INFO = YES;
				ONLY_ACTIVE_ARCH = YES;
				SDKROOT = iphoneos;
			};
			name = Debug;
		};
		33ECAB8F1A2E5D230000D150 /* Release */ = {
			isa = XCBuildConfiguration;
			buildSettings = {
				ALWAYS_SEARCH_USER_PATHS = NO;
				CLANG_CXX_LANGUAGE_STANDARD = "gnu++0x";
				CLANG_CXX_LIBRARY = "libc++";
				CLANG_ENABLE_MODULES = YES;
				CLANG_ENABLE_OBJC_ARC = YES;
				CLANG_WARN_BOOL_CONVERSION = YES;
				CLANG_WARN_CONSTANT_CONVERSION = YES;
				CLANG_WARN_DIRECT_OBJC_ISA_USAGE = YES_ERROR;
				CLANG_WARN_EMPTY_BODY = YES;
				CLANG_WARN_ENUM_CONVERSION = YES;
				CLANG_WARN_INT_CONVERSION = YES;
				CLANG_WARN_OBJC_ROOT_CLASS = YES_ERROR;
				CLANG_WARN_UNREACHABLE_CODE = YES;
				CLANG_WARN__DUPLICATE_METHOD_MATCH = YES;
				"CODE_SIGN_IDENTITY[sdk=iphoneos*]" = "iPhone Developer";
				COPY_PHASE_STRIP = YES;
				ENABLE_NS_ASSERTIONS = NO;
				ENABLE_STRICT_OBJC_MSGSEND = YES;
				GCC_C_LANGUAGE_STANDARD = gnu99;
				GCC_WARN_64_TO_32_BIT_CONVERSION = YES;
				GCC_WARN_ABOUT_RETURN_TYPE = YES_ERROR;
				GCC_WARN_UNDECLARED_SELECTOR = YES;
				GCC_WARN_UNINITIALIZED_AUTOS = YES_AGGRESSIVE;
				GCC_WARN_UNUSED_FUNCTION = YES;
				GCC_WARN_UNUSED_VARIABLE = YES;
				IPHONEOS_DEPLOYMENT_TARGET = 8.1;
				MTL_ENABLE_DEBUG_INFO = NO;
				SDKROOT = iphoneos;
				VALIDATE_PRODUCT = YES;
			};
			name = Release;
		};
		33ECAB911A2E5D230000D150 /* Debug */ = {
			isa = XCBuildConfiguration;
			buildSettings = {
				ASSETCATALOG_COMPILER_APPICON_NAME = AppIcon;
				INFOPLIST_FILE = MatchedUpWithLoginButton/Info.plist;
				LD_RUNPATH_SEARCH_PATHS = "$(inherited) @executable_path/Frameworks";
				PRODUCT_NAME = "$(TARGET_NAME)";
			};
			name = Debug;
		};
		33ECAB921A2E5D230000D150 /* Release */ = {
			isa = XCBuildConfiguration;
			buildSettings = {
				ASSETCATALOG_COMPILER_APPICON_NAME = AppIcon;
				INFOPLIST_FILE = MatchedUpWithLoginButton/Info.plist;
				LD_RUNPATH_SEARCH_PATHS = "$(inherited) @executable_path/Frameworks";
				PRODUCT_NAME = "$(TARGET_NAME)";
			};
			name = Release;
		};
		33ECAB941A2E5D230000D150 /* Debug */ = {
			isa = XCBuildConfiguration;
			buildSettings = {
				BUNDLE_LOADER = "$(TEST_HOST)";
				FRAMEWORK_SEARCH_PATHS = (
					"$(SDKROOT)/Developer/Library/Frameworks",
					"$(inherited)",
				);
				GCC_PREPROCESSOR_DEFINITIONS = (
					"DEBUG=1",
					"$(inherited)",
				);
				INFOPLIST_FILE = MatchedUpWithLoginButtonTests/Info.plist;
				LD_RUNPATH_SEARCH_PATHS = "$(inherited) @executable_path/Frameworks @loader_path/Frameworks";
				PRODUCT_NAME = "$(TARGET_NAME)";
				TEST_HOST = "$(BUILT_PRODUCTS_DIR)/MatchedUpWithLoginButton.app/MatchedUpWithLoginButton";
			};
			name = Debug;
		};
		33ECAB951A2E5D230000D150 /* Release */ = {
			isa = XCBuildConfiguration;
			buildSettings = {
				BUNDLE_LOADER = "$(TEST_HOST)";
				FRAMEWORK_SEARCH_PATHS = (
					"$(SDKROOT)/Developer/Library/Frameworks",
					"$(inherited)",
				);
				INFOPLIST_FILE = MatchedUpWithLoginButtonTests/Info.plist;
				LD_RUNPATH_SEARCH_PATHS = "$(inherited) @executable_path/Frameworks @loader_path/Frameworks";
				PRODUCT_NAME = "$(TARGET_NAME)";
				TEST_HOST = "$(BUILT_PRODUCTS_DIR)/MatchedUpWithLoginButton.app/MatchedUpWithLoginButton";
			};
			name = Release;
		};
/* End XCBuildConfiguration section */

/* Begin XCConfigurationList section */
		33ECAB651A2E5D230000D150 /* Build configuration list for PBXProject "MatchedUpWithLoginButton" */ = {
			isa = XCConfigurationList;
			buildConfigurations = (
				33ECAB8E1A2E5D230000D150 /* Debug */,
				33ECAB8F1A2E5D230000D150 /* Release */,
			);
			defaultConfigurationIsVisible = 0;
			defaultConfigurationName = Release;
		};
		33ECAB901A2E5D230000D150 /* Build configuration list for PBXNativeTarget "MatchedUpWithLoginButton" */ = {
			isa = XCConfigurationList;
			buildConfigurations = (
				33ECAB911A2E5D230000D150 /* Debug */,
				33ECAB921A2E5D230000D150 /* Release */,
			);
			defaultConfigurationIsVisible = 0;
		};
		33ECAB931A2E5D230000D150 /* Build configuration list for PBXNativeTarget "MatchedUpWithLoginButtonTests" */ = {
			isa = XCConfigurationList;
			buildConfigurations = (
				33ECAB941A2E5D230000D150 /* Debug */,
				33ECAB951A2E5D230000D150 /* Release */,
			);
			defaultConfigurationIsVisible = 0;
		};
/* End XCConfigurationList section */
	};
	rootObject = 33ECAB621A2E5D230000D150 /* Project object */;
}
